
Microsoft Visual Studio Solution File, Format Version 12.00
# Visual Studio Version 16
VisualStudioVersion = 16.0.30114.105
MinimumVisualStudioVersion = 10.0.40219.1
Project("{FAE04EC0-301F-11D3-BF4B-00C04F79EFBC}") = "FlightsMetaSubscriber.App", "FlightsMetaSubscriber.App\FlightsMetaSubscriber.App.csproj", "{58C85B07-BD62-4489-8918-9FD3E01D0BA3}"
EndProject
Project("{FAE04EC0-301F-11D3-BF4B-00C04F79EFBC}") = "FlightsMetaSubscriber.Tests", "FlightsMetaSubscriber.Tests\FlightsMetaSubscriber.Tests.csproj", "{C289548D-79D6-44B5-BA2A-4C03524D4EBD}"
EndProject
Global
	GlobalSection(SolutionConfigurationPlatforms) = preSolution
		Debug|Any CPU = Debug|Any CPU
		Release|Any CPU = Release|Any CPU
	EndGlobalSection
	GlobalSection(SolutionProperties) = preSolution
		HideSolutionNode = FALSE
	EndGlobalSection
	GlobalSection(ProjectConfigurationPlatforms) = postSolution
		{58C85B07-BD62-4489-8918-9FD3E01D0BA3}.Debug|Any CPU.ActiveCfg = Debug|Any CPU
		{58C85B07-BD62-4489-8918-9FD3E01D0BA3}.Debug|Any CPU.Build.0 = Debug|Any CPU
		{58C85B07-BD62-4489-8918-9FD3E01D0BA3}.Release|Any CPU.ActiveCfg = Release|Any CPU
		{58C85B07-BD62-4489-8918-9FD3E01D0BA3}.Release|Any CPU.Build.0 = Release|Any CPU
		{C289548D-79D6-44B5-BA2A-4C03524D4EBD}.Debug|Any CPU.ActiveCfg = Debug|Any CPU
		{C289548D-79D6-44B5-BA2A-4C03524D4EBD}.Debug|Any CPU.Build.0 = Debug|Any CPU
		{C289548D-79D6-44B5-BA2A-4C03524D4EBD}.Release|Any CPU.ActiveCfg = Release|Any CPU
		{C289548D-79D6-44B5-BA2A-4C03524D4EBD}.Release|Any CPU.Build.0 = Release|Any CPU
	EndGlobalSection
EndGlobal
